
Microsoft Visual Studio Solution File, Format Version 12.00
# Visual Studio 15
VisualStudioVersion = 15.0.28010.2046
MinimumVisualStudioVersion = 10.0.40219.1
Project("{FAE04EC0-301F-11D3-BF4B-00C04F79EFBC}") = "ConsoleApplication2.1", "ConsoleApplication2.1\ConsoleApplication2.1.csproj", "{EBD2AF06-3635-4A0A-A4FB-335B6F7C7A7B}"
EndProject
Global
	GlobalSection(SolutionConfigurationPlatforms) = preSolution
		Debug|Any CPU = Debug|Any CPU
		Release|Any CPU = Release|Any CPU
	EndGlobalSection
	GlobalSection(ProjectConfigurationPlatforms) = postSolution
		{EBD2AF06-3635-4A0A-A4FB-335B6F7C7A7B}.Debug|Any CPU.ActiveCfg = Debug|Any CPU
		{EBD2AF06-3635-4A0A-A4FB-335B6F7C7A7B}.Debug|Any CPU.Build.0 = Debug|Any CPU
		{EBD2AF06-3635-4A0A-A4FB-335B6F7C7A7B}.Release|Any CPU.ActiveCfg = Release|Any CPU
		{EBD2AF06-3635-4A0A-A4FB-335B6F7C7A7B}.Release|Any CPU.Build.0 = Release|Any CPU
	EndGlobalSection
	GlobalSection(SolutionProperties) = preSolution
		HideSolutionNode = FALSE
	EndGlobalSection
	GlobalSection(ExtensibilityGlobals) = postSolution
		SolutionGuid = {CA66A540-BCF5-458F-AA2D-002FC1AD59DE}
	EndGlobalSection
EndGlobal
