
Microsoft Visual Studio Solution File, Format Version 12.00
# Visual Studio 15
VisualStudioVersion = 15.0.28010.2046
MinimumVisualStudioVersion = 10.0.40219.1
Project("{FAE04EC0-301F-11D3-BF4B-00C04F79EFBC}") = "console application 4", "console application 4\console application 4.csproj", "{435CB929-46DD-40D6-9CC4-62E67E5C8BF8}"
EndProject
Global
	GlobalSection(SolutionConfigurationPlatforms) = preSolution
		Debug|Any CPU = Debug|Any CPU
		Release|Any CPU = Release|Any CPU
	EndGlobalSection
	GlobalSection(ProjectConfigurationPlatforms) = postSolution
		{435CB929-46DD-40D6-9CC4-62E67E5C8BF8}.Debug|Any CPU.ActiveCfg = Debug|Any CPU
		{435CB929-46DD-40D6-9CC4-62E67E5C8BF8}.Debug|Any CPU.Build.0 = Debug|Any CPU
		{435CB929-46DD-40D6-9CC4-62E67E5C8BF8}.Release|Any CPU.ActiveCfg = Release|Any CPU
		{435CB929-46DD-40D6-9CC4-62E67E5C8BF8}.Release|Any CPU.Build.0 = Release|Any CPU
	EndGlobalSection
	GlobalSection(SolutionProperties) = preSolution
		HideSolutionNode = FALSE
	EndGlobalSection
	GlobalSection(ExtensibilityGlobals) = postSolution
		SolutionGuid = {BCCD964E-9C3F-4744-BD22-8EB115EB45BD}
	EndGlobalSection
EndGlobal
