
Microsoft Visual Studio Solution File, Format Version 12.00
# Visual Studio 15
VisualStudioVersion = 15.0.28010.2046
MinimumVisualStudioVersion = 10.0.40219.1
Project("{FAE04EC0-301F-11D3-BF4B-00C04F79EFBC}") = "console application 4.4", "console application 4.4\console application 4.4.csproj", "{566B6918-1805-496B-8E87-1CA78422347B}"
EndProject
Global
	GlobalSection(SolutionConfigurationPlatforms) = preSolution
		Debug|Any CPU = Debug|Any CPU
		Release|Any CPU = Release|Any CPU
	EndGlobalSection
	GlobalSection(ProjectConfigurationPlatforms) = postSolution
		{566B6918-1805-496B-8E87-1CA78422347B}.Debug|Any CPU.ActiveCfg = Debug|Any CPU
		{566B6918-1805-496B-8E87-1CA78422347B}.Debug|Any CPU.Build.0 = Debug|Any CPU
		{566B6918-1805-496B-8E87-1CA78422347B}.Release|Any CPU.ActiveCfg = Release|Any CPU
		{566B6918-1805-496B-8E87-1CA78422347B}.Release|Any CPU.Build.0 = Release|Any CPU
	EndGlobalSection
	GlobalSection(SolutionProperties) = preSolution
		HideSolutionNode = FALSE
	EndGlobalSection
	GlobalSection(ExtensibilityGlobals) = postSolution
		SolutionGuid = {E8408045-2588-46A2-A4F0-3DB15F20DE65}
	EndGlobalSection
EndGlobal
